
Microsoft Visual Studio Solution File, Format Version 12.00
# Visual Studio 2012
Project("{FAE04EC0-301F-11D3-BF4B-00C04F79EFBC}") = "AgentServer", "AgentServer\AgentServer.csproj", "{E631F645-9F1F-4CF3-ADB7-750DE81D9E31}"
EndProject
Project("{2150E333-8FDC-42A3-9474-1A3956D46DE8}") = "Libs", "Libs", "{9AADEAF8-24AC-4FE7-A4FD-0B980B3DEF38}"
EndProject
Project("{FAE04EC0-301F-11D3-BF4B-00C04F79EFBC}") = "Global", "Global\Global.csproj", "{3DA233D3-BF30-4E32-8E36-1814F324FDAB}"
EndProject
Project("{FAE04EC0-301F-11D3-BF4B-00C04F79EFBC}") = "Utilities", "Utilities\Utilities.csproj", "{645A8FAD-D6F0-400E-826B-D57B8CA0E65A}"
EndProject
Project("{FAE04EC0-301F-11D3-BF4B-00C04F79EFBC}") = "Data", "Data\Data.csproj", "{0C0CA346-FEFF-46A3-BC64-03E0981AD1A0}"
EndProject
Project("{FAE04EC0-301F-11D3-BF4B-00C04F79EFBC}") = "Scs", "packages\Scs-Sources\Scs-Sources\Scs\Scs.csproj", "{0DC81B09-3ABF-4BB3-8C08-4E8EE4432BDC}"
EndProject
Project("{2150E333-8FDC-42A3-9474-1A3956D46DE8}") = "Tools", "Tools", "{8C2C2C20-C52E-4819-879A-131A80D97F6C}"
EndProject
Project("{FAE04EC0-301F-11D3-BF4B-00C04F79EFBC}") = "StatEditor", "StatEditor\StatEditor.csproj", "{CD73B0A2-A473-4759-B50E-18FC2E51D9C7}"
EndProject
Project("{FAE04EC0-301F-11D3-BF4B-00C04F79EFBC}") = "DatabaseFactory", "DatabaseFactory\DatabaseFactory.csproj", "{B0287521-3B19-4B7B-9826-41DC15FAB4C6}"
EndProject
Project("{FAE04EC0-301F-11D3-BF4B-00C04F79EFBC}") = "WorldServer", "WorldServer\WorldServer.csproj", "{22E3D1A5-FC15-453C-8D9C-6A8839AB75DF}"
EndProject
Project("{FAE04EC0-301F-11D3-BF4B-00C04F79EFBC}") = "ItemEditor", "ItemEditor\ItemEditor.csproj", "{F34D7FD5-59DD-4C45-BD4D-90427885C568}"
EndProject
Project("{FAE04EC0-301F-11D3-BF4B-00C04F79EFBC}") = "Cryption", "Cryption\Cryption.csproj", "{F58765CB-C9B2-4BE9-A7F4-3BF457B7D452}"
EndProject
Project("{FAE04EC0-301F-11D3-BF4B-00C04F79EFBC}") = "NpcEditor", "NpcEditor\NpcEditor.csproj", "{E2A5C962-70B4-48CD-98F6-58417BF2D1C5}"
EndProject
Project("{FAE04EC0-301F-11D3-BF4B-00C04F79EFBC}") = "SpawnEditor", "SpawnEditor\SpawnEditor.csproj", "{6F1F2373-F8D4-4B4E-BC70-DA86A7E0875A}"
EndProject
Project("{FAE04EC0-301F-11D3-BF4B-00C04F79EFBC}") = "BindPointEditor", "BindPointEditor\BindPointEditor.csproj", "{7A578B7B-B2A6-442C-8CEC-AE120A442C3F}"
EndProject
Project("{FAE04EC0-301F-11D3-BF4B-00C04F79EFBC}") = "DropsEditor", "DropsEditor\DropsEditor.csproj", "{AEC4C0BD-BDA0-4B91-B30B-07046516EE32}"
EndProject
Project("{FAE04EC0-301F-11D3-BF4B-00C04F79EFBC}") = "ExpEditor", "ExpEditor\ExpEditor.csproj", "{0DBF1BC1-1B2B-4010-A0A9-75305B9D7675}"
EndProject
Project("{FAE04EC0-301F-11D3-BF4B-00C04F79EFBC}") = "AbilityEditor", "AbilityEditor\AbilityEditor.csproj", "{BFB2408F-1AB1-49B7-9127-6C6993F3283D}"
EndProject
Global
	GlobalSection(TeamFoundationVersionControl) = preSolution
		SccNumberOfProjects = 17
		SccEnterpriseProvider = {4CA58AB2-18FA-4F8D-95D4-32DDF27D184C}
		SccTeamFoundationServer = https://revtfs.visualstudio.com/defaultcollection
		SccLocalPath0 = .
		SccProjectUniqueName1 = AbilityEditor\\AbilityEditor.csproj
		SccProjectTopLevelParentUniqueName1 = RevCore.sln
		SccProjectName1 = AbilityEditor
		SccLocalPath1 = AbilityEditor
		SccProjectUniqueName2 = AgentServer\\AgentServer.csproj
		SccProjectName2 = AgentServer
		SccLocalPath2 = AgentServer
		SccProjectUniqueName3 = BindPointEditor\\BindPointEditor.csproj
		SccProjectTopLevelParentUniqueName3 = RevCore.sln
		SccProjectName3 = BindPointEditor
		SccLocalPath3 = BindPointEditor
		SccProjectUniqueName4 = Cryption\\Cryption.csproj
		SccProjectTopLevelParentUniqueName4 = RevCore.sln
		SccProjectName4 = Cryption
		SccLocalPath4 = Cryption
		SccProjectUniqueName5 = Data\\Data.csproj
		SccProjectTopLevelParentUniqueName5 = RevCore.sln
		SccProjectName5 = Data
		SccLocalPath5 = Data
		SccProjectUniqueName6 = DatabaseFactory\\DatabaseFactory.csproj
		SccProjectTopLevelParentUniqueName6 = RevCore.sln
		SccProjectName6 = DatabaseFactory
		SccLocalPath6 = DatabaseFactory
		SccProjectUniqueName7 = DropsEditor\\DropsEditor.csproj
		SccProjectTopLevelParentUniqueName7 = RevCore.sln
		SccProjectName7 = DropsEditor
		SccLocalPath7 = DropsEditor
		SccProjectUniqueName8 = ExpEditor\\ExpEditor.csproj
		SccProjectTopLevelParentUniqueName8 = RevCore.sln
		SccProjectName8 = ExpEditor
		SccLocalPath8 = ExpEditor
		SccProjectUniqueName9 = Global\\Global.csproj
		SccProjectTopLevelParentUniqueName9 = RevCore.sln
		SccProjectName9 = Global
		SccLocalPath9 = Global
		SccProjectUniqueName10 = ItemEditor\\ItemEditor.csproj
		SccProjectTopLevelParentUniqueName10 = RevCore.sln
		SccProjectName10 = ItemEditor
		SccLocalPath10 = ItemEditor
		SccProjectUniqueName11 = NpcEditor\\NpcEditor.csproj
		SccProjectTopLevelParentUniqueName11 = RevCore.sln
		SccProjectName11 = NpcEditor
		SccLocalPath11 = NpcEditor
		SccProjectUniqueName12 = packages\\Scs-Sources\\Scs-Sources\\Scs\\Scs.csproj
		SccProjectTopLevelParentUniqueName12 = RevCore.sln
		SccProjectName12 = packages/Scs-Sources/Scs-Sources/Scs
		SccLocalPath12 = packages\\Scs-Sources\\Scs-Sources\\Scs
		SccProjectUniqueName13 = SpawnEditor\\SpawnEditor.csproj
		SccProjectTopLevelParentUniqueName13 = RevCore.sln
		SccProjectName13 = SpawnEditor
		SccLocalPath13 = SpawnEditor
		SccProjectUniqueName14 = StatEditor\\StatEditor.csproj
		SccProjectTopLevelParentUniqueName14 = RevCore.sln
		SccProjectName14 = StatEditor
		SccLocalPath14 = StatEditor
		SccProjectUniqueName15 = Utilities\\Utilities.csproj
		SccProjectTopLevelParentUniqueName15 = RevCore.sln
		SccProjectName15 = Utilities
		SccLocalPath15 = Utilities
		SccProjectUniqueName16 = WorldServer\\WorldServer.csproj
		SccProjectName16 = WorldServer
		SccLocalPath16 = WorldServer
	EndGlobalSection
	GlobalSection(SolutionConfigurationPlatforms) = preSolution
		Debug|Any CPU = Debug|Any CPU
		Debug|Mixed Platforms = Debug|Mixed Platforms
		Debug|x86 = Debug|x86
		DebugKopiLua|Any CPU = DebugKopiLua|Any CPU
		DebugKopiLua|Mixed Platforms = DebugKopiLua|Mixed Platforms
		DebugKopiLua|x86 = DebugKopiLua|x86
		Release|Any CPU = Release|Any CPU
		Release|Mixed Platforms = Release|Mixed Platforms
		Release|x86 = Release|x86
		ReleaseKopiLua|Any CPU = ReleaseKopiLua|Any CPU
		ReleaseKopiLua|Mixed Platforms = ReleaseKopiLua|Mixed Platforms
		ReleaseKopiLua|x86 = ReleaseKopiLua|x86
	EndGlobalSection
	GlobalSection(ProjectConfigurationPlatforms) = postSolution
		{E631F645-9F1F-4CF3-ADB7-750DE81D9E31}.Debug|Any CPU.ActiveCfg = Debug|x86
		{E631F645-9F1F-4CF3-ADB7-750DE81D9E31}.Debug|Any CPU.Build.0 = Debug|x86
		{E631F645-9F1F-4CF3-ADB7-750DE81D9E31}.Debug|Mixed Platforms.ActiveCfg = Debug|x86
		{E631F645-9F1F-4CF3-ADB7-750DE81D9E31}.Debug|Mixed Platforms.Build.0 = Debug|x86
		{E631F645-9F1F-4CF3-ADB7-750DE81D9E31}.Debug|x86.ActiveCfg = Debug|x86
		{E631F645-9F1F-4CF3-ADB7-750DE81D9E31}.Debug|x86.Build.0 = Debug|x86
		{E631F645-9F1F-4CF3-ADB7-750DE81D9E31}.DebugKopiLua|Any CPU.ActiveCfg = Debug|x86
		{E631F645-9F1F-4CF3-ADB7-750DE81D9E31}.DebugKopiLua|Mixed Platforms.ActiveCfg = Debug|x86
		{E631F645-9F1F-4CF3-ADB7-750DE81D9E31}.DebugKopiLua|Mixed Platforms.Build.0 = Debug|x86
		{E631F645-9F1F-4CF3-ADB7-750DE81D9E31}.DebugKopiLua|x86.ActiveCfg = Debug|x86
		{E631F645-9F1F-4CF3-ADB7-750DE81D9E31}.DebugKopiLua|x86.Build.0 = Debug|x86
		{E631F645-9F1F-4CF3-ADB7-750DE81D9E31}.Release|Any CPU.ActiveCfg = Release|x86
		{E631F645-9F1F-4CF3-ADB7-750DE81D9E31}.Release|Mixed Platforms.ActiveCfg = Release|x86
		{E631F645-9F1F-4CF3-ADB7-750DE81D9E31}.Release|Mixed Platforms.Build.0 = Release|x86
		{E631F645-9F1F-4CF3-ADB7-750DE81D9E31}.Release|x86.ActiveCfg = Release|x86
		{E631F645-9F1F-4CF3-ADB7-750DE81D9E31}.Release|x86.Build.0 = Release|x86
		{E631F645-9F1F-4CF3-ADB7-750DE81D9E31}.ReleaseKopiLua|Any CPU.ActiveCfg = Release|x86
		{E631F645-9F1F-4CF3-ADB7-750DE81D9E31}.ReleaseKopiLua|Mixed Platforms.ActiveCfg = Release|x86
		{E631F645-9F1F-4CF3-ADB7-750DE81D9E31}.ReleaseKopiLua|Mixed Platforms.Build.0 = Release|x86
		{E631F645-9F1F-4CF3-ADB7-750DE81D9E31}.ReleaseKopiLua|x86.ActiveCfg = Release|x86
		{E631F645-9F1F-4CF3-ADB7-750DE81D9E31}.ReleaseKopiLua|x86.Build.0 = Release|x86
		{3DA233D3-BF30-4E32-8E36-1814F324FDAB}.Debug|Any CPU.ActiveCfg = Debug|Any CPU
		{3DA233D3-BF30-4E32-8E36-1814F324FDAB}.Debug|Any CPU.Build.0 = Debug|Any CPU
		{3DA233D3-BF30-4E32-8E36-1814F324FDAB}.Debug|Mixed Platforms.ActiveCfg = Debug|Any CPU
		{3DA233D3-BF30-4E32-8E36-1814F324FDAB}.Debug|Mixed Platforms.Build.0 = Debug|Any CPU
		{3DA233D3-BF30-4E32-8E36-1814F324FDAB}.Debug|x86.ActiveCfg = Debug|Any CPU
		{3DA233D3-BF30-4E32-8E36-1814F324FDAB}.DebugKopiLua|Any CPU.ActiveCfg = Debug|Any CPU
		{3DA233D3-BF30-4E32-8E36-1814F324FDAB}.DebugKopiLua|Any CPU.Build.0 = Debug|Any CPU
		{3DA233D3-BF30-4E32-8E36-1814F324FDAB}.DebugKopiLua|Mixed Platforms.ActiveCfg = Debug|Any CPU
		{3DA233D3-BF30-4E32-8E36-1814F324FDAB}.DebugKopiLua|Mixed Platforms.Build.0 = Debug|Any CPU
		{3DA233D3-BF30-4E32-8E36-1814F324FDAB}.DebugKopiLua|x86.ActiveCfg = Debug|Any CPU
		{3DA233D3-BF30-4E32-8E36-1814F324FDAB}.Release|Any CPU.ActiveCfg = Release|Any CPU
		{3DA233D3-BF30-4E32-8E36-1814F324FDAB}.Release|Any CPU.Build.0 = Release|Any CPU
		{3DA233D3-BF30-4E32-8E36-1814F324FDAB}.Release|Mixed Platforms.ActiveCfg = Release|Any CPU
		{3DA233D3-BF30-4E32-8E36-1814F324FDAB}.Release|Mixed Platforms.Build.0 = Release|Any CPU
		{3DA233D3-BF30-4E32-8E36-1814F324FDAB}.Release|x86.ActiveCfg = Release|Any CPU
		{3DA233D3-BF30-4E32-8E36-1814F324FDAB}.ReleaseKopiLua|Any CPU.ActiveCfg = Release|Any CPU
		{3DA233D3-BF30-4E32-8E36-1814F324FDAB}.ReleaseKopiLua|Any CPU.Build.0 = Release|Any CPU
		{3DA233D3-BF30-4E32-8E36-1814F324FDAB}.ReleaseKopiLua|Mixed Platforms.ActiveCfg = Release|Any CPU
		{3DA233D3-BF30-4E32-8E36-1814F324FDAB}.ReleaseKopiLua|Mixed Platforms.Build.0 = Release|Any CPU
		{3DA233D3-BF30-4E32-8E36-1814F324FDAB}.ReleaseKopiLua|x86.ActiveCfg = Release|Any CPU
		{645A8FAD-D6F0-400E-826B-D57B8CA0E65A}.Debug|Any CPU.ActiveCfg = Debug|Any CPU
		{645A8FAD-D6F0-400E-826B-D57B8CA0E65A}.Debug|Any CPU.Build.0 = Debug|Any CPU
		{645A8FAD-D6F0-400E-826B-D57B8CA0E65A}.Debug|Mixed Platforms.ActiveCfg = Debug|Any CPU
		{645A8FAD-D6F0-400E-826B-D57B8CA0E65A}.Debug|Mixed Platforms.Build.0 = Debug|Any CPU
		{645A8FAD-D6F0-400E-826B-D57B8CA0E65A}.Debug|x86.ActiveCfg = Debug|Any CPU
		{645A8FAD-D6F0-400E-826B-D57B8CA0E65A}.DebugKopiLua|Any CPU.ActiveCfg = Debug|Any CPU
		{645A8FAD-D6F0-400E-826B-D57B8CA0E65A}.DebugKopiLua|Any CPU.Build.0 = Debug|Any CPU
		{645A8FAD-D6F0-400E-826B-D57B8CA0E65A}.DebugKopiLua|Mixed Platforms.ActiveCfg = Debug|Any CPU
		{645A8FAD-D6F0-400E-826B-D57B8CA0E65A}.DebugKopiLua|Mixed Platforms.Build.0 = Debug|Any CPU
		{645A8FAD-D6F0-400E-826B-D57B8CA0E65A}.DebugKopiLua|x86.ActiveCfg = Debug|Any CPU
		{645A8FAD-D6F0-400E-826B-D57B8CA0E65A}.Release|Any CPU.ActiveCfg = Release|Any CPU
		{645A8FAD-D6F0-400E-826B-D57B8CA0E65A}.Release|Any CPU.Build.0 = Release|Any CPU
		{645A8FAD-D6F0-400E-826B-D57B8CA0E65A}.Release|Mixed Platforms.ActiveCfg = Release|Any CPU
		{645A8FAD-D6F0-400E-826B-D57B8CA0E65A}.Release|Mixed Platforms.Build.0 = Release|Any CPU
		{645A8FAD-D6F0-400E-826B-D57B8CA0E65A}.Release|x86.ActiveCfg = Release|Any CPU
		{645A8FAD-D6F0-400E-826B-D57B8CA0E65A}.ReleaseKopiLua|Any CPU.ActiveCfg = Release|Any CPU
		{645A8FAD-D6F0-400E-826B-D57B8CA0E65A}.ReleaseKopiLua|Any CPU.Build.0 = Release|Any CPU
		{645A8FAD-D6F0-400E-826B-D57B8CA0E65A}.ReleaseKopiLua|Mixed Platforms.ActiveCfg = Release|Any CPU
		{645A8FAD-D6F0-400E-826B-D57B8CA0E65A}.ReleaseKopiLua|Mixed Platforms.Build.0 = Release|Any CPU
		{645A8FAD-D6F0-400E-826B-D57B8CA0E65A}.ReleaseKopiLua|x86.ActiveCfg = Release|Any CPU
		{0C0CA346-FEFF-46A3-BC64-03E0981AD1A0}.Debug|Any CPU.ActiveCfg = Debug|Any CPU
		{0C0CA346-FEFF-46A3-BC64-03E0981AD1A0}.Debug|Any CPU.Build.0 = Debug|Any CPU
		{0C0CA346-FEFF-46A3-BC64-03E0981AD1A0}.Debug|Mixed Platforms.ActiveCfg = Debug|Any CPU
		{0C0CA346-FEFF-46A3-BC64-03E0981AD1A0}.Debug|Mixed Platforms.Build.0 = Debug|Any CPU
		{0C0CA346-FEFF-46A3-BC64-03E0981AD1A0}.Debug|x86.ActiveCfg = Debug|Any CPU
		{0C0CA346-FEFF-46A3-BC64-03E0981AD1A0}.DebugKopiLua|Any CPU.ActiveCfg = Debug|Any CPU
		{0C0CA346-FEFF-46A3-BC64-03E0981AD1A0}.DebugKopiLua|Any CPU.Build.0 = Debug|Any CPU
		{0C0CA346-FEFF-46A3-BC64-03E0981AD1A0}.DebugKopiLua|Mixed Platforms.ActiveCfg = Debug|Any CPU
		{0C0CA346-FEFF-46A3-BC64-03E0981AD1A0}.DebugKopiLua|Mixed Platforms.Build.0 = Debug|Any CPU
		{0C0CA346-FEFF-46A3-BC64-03E0981AD1A0}.DebugKopiLua|x86.ActiveCfg = Debug|Any CPU
		{0C0CA346-FEFF-46A3-BC64-03E0981AD1A0}.Release|Any CPU.ActiveCfg = Release|Any CPU
		{0C0CA346-FEFF-46A3-BC64-03E0981AD1A0}.Release|Any CPU.Build.0 = Release|Any CPU
		{0C0CA346-FEFF-46A3-BC64-03E0981AD1A0}.Release|Mixed Platforms.ActiveCfg = Release|Any CPU
		{0C0CA346-FEFF-46A3-BC64-03E0981AD1A0}.Release|Mixed Platforms.Build.0 = Release|Any CPU
		{0C0CA346-FEFF-46A3-BC64-03E0981AD1A0}.Release|x86.ActiveCfg = Release|Any CPU
		{0C0CA346-FEFF-46A3-BC64-03E0981AD1A0}.ReleaseKopiLua|Any CPU.ActiveCfg = Release|Any CPU
		{0C0CA346-FEFF-46A3-BC64-03E0981AD1A0}.ReleaseKopiLua|Any CPU.Build.0 = Release|Any CPU
		{0C0CA346-FEFF-46A3-BC64-03E0981AD1A0}.ReleaseKopiLua|Mixed Platforms.ActiveCfg = Release|Any CPU
		{0C0CA346-FEFF-46A3-BC64-03E0981AD1A0}.ReleaseKopiLua|Mixed Platforms.Build.0 = Release|Any CPU
		{0C0CA346-FEFF-46A3-BC64-03E0981AD1A0}.ReleaseKopiLua|x86.ActiveCfg = Release|Any CPU
		{0DC81B09-3ABF-4BB3-8C08-4E8EE4432BDC}.Debug|Any CPU.ActiveCfg = Debug|Any CPU
		{0DC81B09-3ABF-4BB3-8C08-4E8EE4432BDC}.Debug|Any CPU.Build.0 = Debug|Any CPU
		{0DC81B09-3ABF-4BB3-8C08-4E8EE4432BDC}.Debug|Mixed Platforms.ActiveCfg = Debug|Any CPU
		{0DC81B09-3ABF-4BB3-8C08-4E8EE4432BDC}.Debug|Mixed Platforms.Build.0 = Debug|Any CPU
		{0DC81B09-3ABF-4BB3-8C08-4E8EE4432BDC}.Debug|x86.ActiveCfg = Debug|Any CPU
		{0DC81B09-3ABF-4BB3-8C08-4E8EE4432BDC}.DebugKopiLua|Any CPU.ActiveCfg = Debug|Any CPU
		{0DC81B09-3ABF-4BB3-8C08-4E8EE4432BDC}.DebugKopiLua|Any CPU.Build.0 = Debug|Any CPU
		{0DC81B09-3ABF-4BB3-8C08-4E8EE4432BDC}.DebugKopiLua|Mixed Platforms.ActiveCfg = Debug|Any CPU
		{0DC81B09-3ABF-4BB3-8C08-4E8EE4432BDC}.DebugKopiLua|Mixed Platforms.Build.0 = Debug|Any CPU
		{0DC81B09-3ABF-4BB3-8C08-4E8EE4432BDC}.DebugKopiLua|x86.ActiveCfg = Debug|Any CPU
		{0DC81B09-3ABF-4BB3-8C08-4E8EE4432BDC}.Release|Any CPU.ActiveCfg = Release|Any CPU
		{0DC81B09-3ABF-4BB3-8C08-4E8EE4432BDC}.Release|Any CPU.Build.0 = Release|Any CPU
		{0DC81B09-3ABF-4BB3-8C08-4E8EE4432BDC}.Release|Mixed Platforms.ActiveCfg = Release|Any CPU
		{0DC81B09-3ABF-4BB3-8C08-4E8EE4432BDC}.Release|Mixed Platforms.Build.0 = Release|Any CPU
		{0DC81B09-3ABF-4BB3-8C08-4E8EE4432BDC}.Release|x86.ActiveCfg = Release|Any CPU
		{0DC81B09-3ABF-4BB3-8C08-4E8EE4432BDC}.ReleaseKopiLua|Any CPU.ActiveCfg = Release|Any CPU
		{0DC81B09-3ABF-4BB3-8C08-4E8EE4432BDC}.ReleaseKopiLua|Any CPU.Build.0 = Release|Any CPU
		{0DC81B09-3ABF-4BB3-8C08-4E8EE4432BDC}.ReleaseKopiLua|Mixed Platforms.ActiveCfg = Release|Any CPU
		{0DC81B09-3ABF-4BB3-8C08-4E8EE4432BDC}.ReleaseKopiLua|Mixed Platforms.Build.0 = Release|Any CPU
		{0DC81B09-3ABF-4BB3-8C08-4E8EE4432BDC}.ReleaseKopiLua|x86.ActiveCfg = Release|Any CPU
		{CD73B0A2-A473-4759-B50E-18FC2E51D9C7}.Debug|Any CPU.ActiveCfg = Debug|x86
		{CD73B0A2-A473-4759-B50E-18FC2E51D9C7}.Debug|Any CPU.Build.0 = Debug|x86
		{CD73B0A2-A473-4759-B50E-18FC2E51D9C7}.Debug|Mixed Platforms.ActiveCfg = Debug|x86
		{CD73B0A2-A473-4759-B50E-18FC2E51D9C7}.Debug|Mixed Platforms.Build.0 = Debug|x86
		{CD73B0A2-A473-4759-B50E-18FC2E51D9C7}.Debug|x86.ActiveCfg = Debug|x86
		{CD73B0A2-A473-4759-B50E-18FC2E51D9C7}.Debug|x86.Build.0 = Debug|x86
		{CD73B0A2-A473-4759-B50E-18FC2E51D9C7}.DebugKopiLua|Any CPU.ActiveCfg = Debug|x86
		{CD73B0A2-A473-4759-B50E-18FC2E51D9C7}.DebugKopiLua|Mixed Platforms.ActiveCfg = Debug|x86
		{CD73B0A2-A473-4759-B50E-18FC2E51D9C7}.DebugKopiLua|Mixed Platforms.Build.0 = Debug|x86
		{CD73B0A2-A473-4759-B50E-18FC2E51D9C7}.DebugKopiLua|x86.ActiveCfg = Debug|x86
		{CD73B0A2-A473-4759-B50E-18FC2E51D9C7}.DebugKopiLua|x86.Build.0 = Debug|x86
		{CD73B0A2-A473-4759-B50E-18FC2E51D9C7}.Release|Any CPU.ActiveCfg = Release|x86
		{CD73B0A2-A473-4759-B50E-18FC2E51D9C7}.Release|Mixed Platforms.ActiveCfg = Release|x86
		{CD73B0A2-A473-4759-B50E-18FC2E51D9C7}.Release|Mixed Platforms.Build.0 = Release|x86
		{CD73B0A2-A473-4759-B50E-18FC2E51D9C7}.Release|x86.ActiveCfg = Release|x86
		{CD73B0A2-A473-4759-B50E-18FC2E51D9C7}.Release|x86.Build.0 = Release|x86
		{CD73B0A2-A473-4759-B50E-18FC2E51D9C7}.ReleaseKopiLua|Any CPU.ActiveCfg = Release|x86
		{CD73B0A2-A473-4759-B50E-18FC2E51D9C7}.ReleaseKopiLua|Mixed Platforms.ActiveCfg = Release|x86
		{CD73B0A2-A473-4759-B50E-18FC2E51D9C7}.ReleaseKopiLua|Mixed Platforms.Build.0 = Release|x86
		{CD73B0A2-A473-4759-B50E-18FC2E51D9C7}.ReleaseKopiLua|x86.ActiveCfg = Release|x86
		{CD73B0A2-A473-4759-B50E-18FC2E51D9C7}.ReleaseKopiLua|x86.Build.0 = Release|x86
		{B0287521-3B19-4B7B-9826-41DC15FAB4C6}.Debug|Any CPU.ActiveCfg = Debug|Any CPU
		{B0287521-3B19-4B7B-9826-41DC15FAB4C6}.Debug|Any CPU.Build.0 = Debug|Any CPU
		{B0287521-3B19-4B7B-9826-41DC15FAB4C6}.Debug|Mixed Platforms.ActiveCfg = Debug|Any CPU
		{B0287521-3B19-4B7B-9826-41DC15FAB4C6}.Debug|Mixed Platforms.Build.0 = Debug|Any CPU
		{B0287521-3B19-4B7B-9826-41DC15FAB4C6}.Debug|x86.ActiveCfg = Debug|Any CPU
		{B0287521-3B19-4B7B-9826-41DC15FAB4C6}.DebugKopiLua|Any CPU.ActiveCfg = Debug|Any CPU
		{B0287521-3B19-4B7B-9826-41DC15FAB4C6}.DebugKopiLua|Any CPU.Build.0 = Debug|Any CPU
		{B0287521-3B19-4B7B-9826-41DC15FAB4C6}.DebugKopiLua|Mixed Platforms.ActiveCfg = Debug|Any CPU
		{B0287521-3B19-4B7B-9826-41DC15FAB4C6}.DebugKopiLua|Mixed Platforms.Build.0 = Debug|Any CPU
		{B0287521-3B19-4B7B-9826-41DC15FAB4C6}.DebugKopiLua|x86.ActiveCfg = Debug|Any CPU
		{B0287521-3B19-4B7B-9826-41DC15FAB4C6}.Release|Any CPU.ActiveCfg = Release|Any CPU
		{B0287521-3B19-4B7B-9826-41DC15FAB4C6}.Release|Any CPU.Build.0 = Release|Any CPU
		{B0287521-3B19-4B7B-9826-41DC15FAB4C6}.Release|Mixed Platforms.ActiveCfg = Release|Any CPU
		{B0287521-3B19-4B7B-9826-41DC15FAB4C6}.Release|Mixed Platforms.Build.0 = Release|Any CPU
		{B0287521-3B19-4B7B-9826-41DC15FAB4C6}.Release|x86.ActiveCfg = Release|Any CPU
		{B0287521-3B19-4B7B-9826-41DC15FAB4C6}.ReleaseKopiLua|Any CPU.ActiveCfg = Release|Any CPU
		{B0287521-3B19-4B7B-9826-41DC15FAB4C6}.ReleaseKopiLua|Any CPU.Build.0 = Release|Any CPU
		{B0287521-3B19-4B7B-9826-41DC15FAB4C6}.ReleaseKopiLua|Mixed Platforms.ActiveCfg = Release|Any CPU
		{B0287521-3B19-4B7B-9826-41DC15FAB4C6}.ReleaseKopiLua|Mixed Platforms.Build.0 = Release|Any CPU
		{B0287521-3B19-4B7B-9826-41DC15FAB4C6}.ReleaseKopiLua|x86.ActiveCfg = Release|Any CPU
		{22E3D1A5-FC15-453C-8D9C-6A8839AB75DF}.Debug|Any CPU.ActiveCfg = Debug|x86
		{22E3D1A5-FC15-453C-8D9C-6A8839AB75DF}.Debug|Any CPU.Build.0 = Debug|x86
		{22E3D1A5-FC15-453C-8D9C-6A8839AB75DF}.Debug|Mixed Platforms.ActiveCfg = Debug|x86
		{22E3D1A5-FC15-453C-8D9C-6A8839AB75DF}.Debug|Mixed Platforms.Build.0 = Debug|x86
		{22E3D1A5-FC15-453C-8D9C-6A8839AB75DF}.Debug|x86.ActiveCfg = Debug|x86
		{22E3D1A5-FC15-453C-8D9C-6A8839AB75DF}.Debug|x86.Build.0 = Debug|x86
		{22E3D1A5-FC15-453C-8D9C-6A8839AB75DF}.DebugKopiLua|Any CPU.ActiveCfg = Debug|x86
		{22E3D1A5-FC15-453C-8D9C-6A8839AB75DF}.DebugKopiLua|Mixed Platforms.ActiveCfg = Debug|x86
		{22E3D1A5-FC15-453C-8D9C-6A8839AB75DF}.DebugKopiLua|Mixed Platforms.Build.0 = Debug|x86
		{22E3D1A5-FC15-453C-8D9C-6A8839AB75DF}.DebugKopiLua|x86.ActiveCfg = Debug|x86
		{22E3D1A5-FC15-453C-8D9C-6A8839AB75DF}.DebugKopiLua|x86.Build.0 = Debug|x86
		{22E3D1A5-FC15-453C-8D9C-6A8839AB75DF}.Release|Any CPU.ActiveCfg = Release|x86
		{22E3D1A5-FC15-453C-8D9C-6A8839AB75DF}.Release|Mixed Platforms.ActiveCfg = Release|x86
		{22E3D1A5-FC15-453C-8D9C-6A8839AB75DF}.Release|Mixed Platforms.Build.0 = Release|x86
		{22E3D1A5-FC15-453C-8D9C-6A8839AB75DF}.Release|x86.ActiveCfg = Release|x86
		{22E3D1A5-FC15-453C-8D9C-6A8839AB75DF}.Release|x86.Build.0 = Release|x86
		{22E3D1A5-FC15-453C-8D9C-6A8839AB75DF}.ReleaseKopiLua|Any CPU.ActiveCfg = Release|x86
		{22E3D1A5-FC15-453C-8D9C-6A8839AB75DF}.ReleaseKopiLua|Mixed Platforms.ActiveCfg = Release|x86
		{22E3D1A5-FC15-453C-8D9C-6A8839AB75DF}.ReleaseKopiLua|Mixed Platforms.Build.0 = Release|x86
		{22E3D1A5-FC15-453C-8D9C-6A8839AB75DF}.ReleaseKopiLua|x86.ActiveCfg = Release|x86
		{22E3D1A5-FC15-453C-8D9C-6A8839AB75DF}.ReleaseKopiLua|x86.Build.0 = Release|x86
		{F34D7FD5-59DD-4C45-BD4D-90427885C568}.Debug|Any CPU.ActiveCfg = Debug|Any CPU
		{F34D7FD5-59DD-4C45-BD4D-90427885C568}.Debug|Any CPU.Build.0 = Debug|Any CPU
		{F34D7FD5-59DD-4C45-BD4D-90427885C568}.Debug|Mixed Platforms.ActiveCfg = Debug|Any CPU
		{F34D7FD5-59DD-4C45-BD4D-90427885C568}.Debug|Mixed Platforms.Build.0 = Debug|Any CPU
		{F34D7FD5-59DD-4C45-BD4D-90427885C568}.Debug|x86.ActiveCfg = Debug|Any CPU
		{F34D7FD5-59DD-4C45-BD4D-90427885C568}.DebugKopiLua|Any CPU.ActiveCfg = Debug|Any CPU
		{F34D7FD5-59DD-4C45-BD4D-90427885C568}.DebugKopiLua|Any CPU.Build.0 = Debug|Any CPU
		{F34D7FD5-59DD-4C45-BD4D-90427885C568}.DebugKopiLua|Mixed Platforms.ActiveCfg = Debug|Any CPU
		{F34D7FD5-59DD-4C45-BD4D-90427885C568}.DebugKopiLua|Mixed Platforms.Build.0 = Debug|Any CPU
		{F34D7FD5-59DD-4C45-BD4D-90427885C568}.DebugKopiLua|x86.ActiveCfg = Debug|Any CPU
		{F34D7FD5-59DD-4C45-BD4D-90427885C568}.Release|Any CPU.ActiveCfg = Release|Any CPU
		{F34D7FD5-59DD-4C45-BD4D-90427885C568}.Release|Any CPU.Build.0 = Release|Any CPU
		{F34D7FD5-59DD-4C45-BD4D-90427885C568}.Release|Mixed Platforms.ActiveCfg = Release|Any CPU
		{F34D7FD5-59DD-4C45-BD4D-90427885C568}.Release|Mixed Platforms.Build.0 = Release|Any CPU
		{F34D7FD5-59DD-4C45-BD4D-90427885C568}.Release|x86.ActiveCfg = Release|Any CPU
		{F34D7FD5-59DD-4C45-BD4D-90427885C568}.ReleaseKopiLua|Any CPU.ActiveCfg = Release|Any CPU
		{F34D7FD5-59DD-4C45-BD4D-90427885C568}.ReleaseKopiLua|Any CPU.Build.0 = Release|Any CPU
		{F34D7FD5-59DD-4C45-BD4D-90427885C568}.ReleaseKopiLua|Mixed Platforms.ActiveCfg = Release|Any CPU
		{F34D7FD5-59DD-4C45-BD4D-90427885C568}.ReleaseKopiLua|Mixed Platforms.Build.0 = Release|Any CPU
		{F34D7FD5-59DD-4C45-BD4D-90427885C568}.ReleaseKopiLua|x86.ActiveCfg = Release|Any CPU
		{F58765CB-C9B2-4BE9-A7F4-3BF457B7D452}.Debug|Any CPU.ActiveCfg = Debug|Any CPU
		{F58765CB-C9B2-4BE9-A7F4-3BF457B7D452}.Debug|Any CPU.Build.0 = Debug|Any CPU
		{F58765CB-C9B2-4BE9-A7F4-3BF457B7D452}.Debug|Mixed Platforms.ActiveCfg = Debug|Any CPU
		{F58765CB-C9B2-4BE9-A7F4-3BF457B7D452}.Debug|Mixed Platforms.Build.0 = Debug|Any CPU
		{F58765CB-C9B2-4BE9-A7F4-3BF457B7D452}.Debug|x86.ActiveCfg = Debug|Any CPU
		{F58765CB-C9B2-4BE9-A7F4-3BF457B7D452}.DebugKopiLua|Any CPU.ActiveCfg = Debug|Any CPU
		{F58765CB-C9B2-4BE9-A7F4-3BF457B7D452}.DebugKopiLua|Any CPU.Build.0 = Debug|Any CPU
		{F58765CB-C9B2-4BE9-A7F4-3BF457B7D452}.DebugKopiLua|Mixed Platforms.ActiveCfg = Debug|Any CPU
		{F58765CB-C9B2-4BE9-A7F4-3BF457B7D452}.DebugKopiLua|Mixed Platforms.Build.0 = Debug|Any CPU
		{F58765CB-C9B2-4BE9-A7F4-3BF457B7D452}.DebugKopiLua|x86.ActiveCfg = Debug|Any CPU
		{F58765CB-C9B2-4BE9-A7F4-3BF457B7D452}.Release|Any CPU.ActiveCfg = Release|Any CPU
		{F58765CB-C9B2-4BE9-A7F4-3BF457B7D452}.Release|Any CPU.Build.0 = Release|Any CPU
		{F58765CB-C9B2-4BE9-A7F4-3BF457B7D452}.Release|Mixed Platforms.ActiveCfg = Release|Any CPU
		{F58765CB-C9B2-4BE9-A7F4-3BF457B7D452}.Release|Mixed Platforms.Build.0 = Release|Any CPU
		{F58765CB-C9B2-4BE9-A7F4-3BF457B7D452}.Release|x86.ActiveCfg = Release|Any CPU
		{F58765CB-C9B2-4BE9-A7F4-3BF457B7D452}.ReleaseKopiLua|Any CPU.ActiveCfg = Release|Any CPU
		{F58765CB-C9B2-4BE9-A7F4-3BF457B7D452}.ReleaseKopiLua|Any CPU.Build.0 = Release|Any CPU
		{F58765CB-C9B2-4BE9-A7F4-3BF457B7D452}.ReleaseKopiLua|Mixed Platforms.ActiveCfg = Release|Any CPU
		{F58765CB-C9B2-4BE9-A7F4-3BF457B7D452}.ReleaseKopiLua|Mixed Platforms.Build.0 = Release|Any CPU
		{F58765CB-C9B2-4BE9-A7F4-3BF457B7D452}.ReleaseKopiLua|x86.ActiveCfg = Release|Any CPU
		{E2A5C962-70B4-48CD-98F6-58417BF2D1C5}.Debug|Any CPU.ActiveCfg = Debug|Any CPU
		{E2A5C962-70B4-48CD-98F6-58417BF2D1C5}.Debug|Any CPU.Build.0 = Debug|Any CPU
		{E2A5C962-70B4-48CD-98F6-58417BF2D1C5}.Debug|Mixed Platforms.ActiveCfg = Debug|Any CPU
		{E2A5C962-70B4-48CD-98F6-58417BF2D1C5}.Debug|Mixed Platforms.Build.0 = Debug|Any CPU
		{E2A5C962-70B4-48CD-98F6-58417BF2D1C5}.Debug|x86.ActiveCfg = Debug|Any CPU
		{E2A5C962-70B4-48CD-98F6-58417BF2D1C5}.DebugKopiLua|Any CPU.ActiveCfg = Debug|Any CPU
		{E2A5C962-70B4-48CD-98F6-58417BF2D1C5}.DebugKopiLua|Any CPU.Build.0 = Debug|Any CPU
		{E2A5C962-70B4-48CD-98F6-58417BF2D1C5}.DebugKopiLua|Mixed Platforms.ActiveCfg = Debug|Any CPU
		{E2A5C962-70B4-48CD-98F6-58417BF2D1C5}.DebugKopiLua|Mixed Platforms.Build.0 = Debug|Any CPU
		{E2A5C962-70B4-48CD-98F6-58417BF2D1C5}.DebugKopiLua|x86.ActiveCfg = Debug|Any CPU
		{E2A5C962-70B4-48CD-98F6-58417BF2D1C5}.Release|Any CPU.ActiveCfg = Release|Any CPU
		{E2A5C962-70B4-48CD-98F6-58417BF2D1C5}.Release|Any CPU.Build.0 = Release|Any CPU
		{E2A5C962-70B4-48CD-98F6-58417BF2D1C5}.Release|Mixed Platforms.ActiveCfg = Release|Any CPU
		{E2A5C962-70B4-48CD-98F6-58417BF2D1C5}.Release|Mixed Platforms.Build.0 = Release|Any CPU
		{E2A5C962-70B4-48CD-98F6-58417BF2D1C5}.Release|x86.ActiveCfg = Release|Any CPU
		{E2A5C962-70B4-48CD-98F6-58417BF2D1C5}.ReleaseKopiLua|Any CPU.ActiveCfg = Release|Any CPU
		{E2A5C962-70B4-48CD-98F6-58417BF2D1C5}.ReleaseKopiLua|Any CPU.Build.0 = Release|Any CPU
		{E2A5C962-70B4-48CD-98F6-58417BF2D1C5}.ReleaseKopiLua|Mixed Platforms.ActiveCfg = Release|Any CPU
		{E2A5C962-70B4-48CD-98F6-58417BF2D1C5}.ReleaseKopiLua|Mixed Platforms.Build.0 = Release|Any CPU
		{E2A5C962-70B4-48CD-98F6-58417BF2D1C5}.ReleaseKopiLua|x86.ActiveCfg = Release|Any CPU
		{6F1F2373-F8D4-4B4E-BC70-DA86A7E0875A}.Debug|Any CPU.ActiveCfg = Debug|Any CPU
		{6F1F2373-F8D4-4B4E-BC70-DA86A7E0875A}.Debug|Any CPU.Build.0 = Debug|Any CPU
		{6F1F2373-F8D4-4B4E-BC70-DA86A7E0875A}.Debug|Mixed Platforms.ActiveCfg = Debug|Any CPU
		{6F1F2373-F8D4-4B4E-BC70-DA86A7E0875A}.Debug|Mixed Platforms.Build.0 = Debug|Any CPU
		{6F1F2373-F8D4-4B4E-BC70-DA86A7E0875A}.Debug|x86.ActiveCfg = Debug|Any CPU
		{6F1F2373-F8D4-4B4E-BC70-DA86A7E0875A}.DebugKopiLua|Any CPU.ActiveCfg = Debug|Any CPU
		{6F1F2373-F8D4-4B4E-BC70-DA86A7E0875A}.DebugKopiLua|Any CPU.Build.0 = Debug|Any CPU
		{6F1F2373-F8D4-4B4E-BC70-DA86A7E0875A}.DebugKopiLua|Mixed Platforms.ActiveCfg = Debug|Any CPU
		{6F1F2373-F8D4-4B4E-BC70-DA86A7E0875A}.DebugKopiLua|Mixed Platforms.Build.0 = Debug|Any CPU
		{6F1F2373-F8D4-4B4E-BC70-DA86A7E0875A}.DebugKopiLua|x86.ActiveCfg = Debug|Any CPU
		{6F1F2373-F8D4-4B4E-BC70-DA86A7E0875A}.Release|Any CPU.ActiveCfg = Release|Any CPU
		{6F1F2373-F8D4-4B4E-BC70-DA86A7E0875A}.Release|Any CPU.Build.0 = Release|Any CPU
		{6F1F2373-F8D4-4B4E-BC70-DA86A7E0875A}.Release|Mixed Platforms.ActiveCfg = Release|Any CPU
		{6F1F2373-F8D4-4B4E-BC70-DA86A7E0875A}.Release|Mixed Platforms.Build.0 = Release|Any CPU
		{6F1F2373-F8D4-4B4E-BC70-DA86A7E0875A}.Release|x86.ActiveCfg = Release|Any CPU
		{6F1F2373-F8D4-4B4E-BC70-DA86A7E0875A}.ReleaseKopiLua|Any CPU.ActiveCfg = Release|Any CPU
		{6F1F2373-F8D4-4B4E-BC70-DA86A7E0875A}.ReleaseKopiLua|Any CPU.Build.0 = Release|Any CPU
		{6F1F2373-F8D4-4B4E-BC70-DA86A7E0875A}.ReleaseKopiLua|Mixed Platforms.ActiveCfg = Release|Any CPU
		{6F1F2373-F8D4-4B4E-BC70-DA86A7E0875A}.ReleaseKopiLua|Mixed Platforms.Build.0 = Release|Any CPU
		{6F1F2373-F8D4-4B4E-BC70-DA86A7E0875A}.ReleaseKopiLua|x86.ActiveCfg = Release|Any CPU
		{7A578B7B-B2A6-442C-8CEC-AE120A442C3F}.Debug|Any CPU.ActiveCfg = Debug|Any CPU
		{7A578B7B-B2A6-442C-8CEC-AE120A442C3F}.Debug|Any CPU.Build.0 = Debug|Any CPU
		{7A578B7B-B2A6-442C-8CEC-AE120A442C3F}.Debug|Mixed Platforms.ActiveCfg = Debug|Any CPU
		{7A578B7B-B2A6-442C-8CEC-AE120A442C3F}.Debug|Mixed Platforms.Build.0 = Debug|Any CPU
		{7A578B7B-B2A6-442C-8CEC-AE120A442C3F}.Debug|x86.ActiveCfg = Debug|Any CPU
		{7A578B7B-B2A6-442C-8CEC-AE120A442C3F}.DebugKopiLua|Any CPU.ActiveCfg = Debug|Any CPU
		{7A578B7B-B2A6-442C-8CEC-AE120A442C3F}.DebugKopiLua|Any CPU.Build.0 = Debug|Any CPU
		{7A578B7B-B2A6-442C-8CEC-AE120A442C3F}.DebugKopiLua|Mixed Platforms.ActiveCfg = Debug|Any CPU
		{7A578B7B-B2A6-442C-8CEC-AE120A442C3F}.DebugKopiLua|Mixed Platforms.Build.0 = Debug|Any CPU
		{7A578B7B-B2A6-442C-8CEC-AE120A442C3F}.DebugKopiLua|x86.ActiveCfg = Debug|Any CPU
		{7A578B7B-B2A6-442C-8CEC-AE120A442C3F}.Release|Any CPU.ActiveCfg = Release|Any CPU
		{7A578B7B-B2A6-442C-8CEC-AE120A442C3F}.Release|Any CPU.Build.0 = Release|Any CPU
		{7A578B7B-B2A6-442C-8CEC-AE120A442C3F}.Release|Mixed Platforms.ActiveCfg = Release|Any CPU
		{7A578B7B-B2A6-442C-8CEC-AE120A442C3F}.Release|Mixed Platforms.Build.0 = Release|Any CPU
		{7A578B7B-B2A6-442C-8CEC-AE120A442C3F}.Release|x86.ActiveCfg = Release|Any CPU
		{7A578B7B-B2A6-442C-8CEC-AE120A442C3F}.ReleaseKopiLua|Any CPU.ActiveCfg = Release|Any CPU
		{7A578B7B-B2A6-442C-8CEC-AE120A442C3F}.ReleaseKopiLua|Any CPU.Build.0 = Release|Any CPU
		{7A578B7B-B2A6-442C-8CEC-AE120A442C3F}.ReleaseKopiLua|Mixed Platforms.ActiveCfg = Release|Any CPU
		{7A578B7B-B2A6-442C-8CEC-AE120A442C3F}.ReleaseKopiLua|Mixed Platforms.Build.0 = Release|Any CPU
		{7A578B7B-B2A6-442C-8CEC-AE120A442C3F}.ReleaseKopiLua|x86.ActiveCfg = Release|Any CPU
		{AEC4C0BD-BDA0-4B91-B30B-07046516EE32}.Debug|Any CPU.ActiveCfg = Debug|Any CPU
		{AEC4C0BD-BDA0-4B91-B30B-07046516EE32}.Debug|Any CPU.Build.0 = Debug|Any CPU
		{AEC4C0BD-BDA0-4B91-B30B-07046516EE32}.Debug|Mixed Platforms.ActiveCfg = Debug|Any CPU
		{AEC4C0BD-BDA0-4B91-B30B-07046516EE32}.Debug|Mixed Platforms.Build.0 = Debug|Any CPU
		{AEC4C0BD-BDA0-4B91-B30B-07046516EE32}.Debug|x86.ActiveCfg = Debug|Any CPU
		{AEC4C0BD-BDA0-4B91-B30B-07046516EE32}.DebugKopiLua|Any CPU.ActiveCfg = Debug|Any CPU
		{AEC4C0BD-BDA0-4B91-B30B-07046516EE32}.DebugKopiLua|Any CPU.Build.0 = Debug|Any CPU
		{AEC4C0BD-BDA0-4B91-B30B-07046516EE32}.DebugKopiLua|Mixed Platforms.ActiveCfg = Debug|Any CPU
		{AEC4C0BD-BDA0-4B91-B30B-07046516EE32}.DebugKopiLua|Mixed Platforms.Build.0 = Debug|Any CPU
		{AEC4C0BD-BDA0-4B91-B30B-07046516EE32}.DebugKopiLua|x86.ActiveCfg = Debug|Any CPU
		{AEC4C0BD-BDA0-4B91-B30B-07046516EE32}.Release|Any CPU.ActiveCfg = Release|Any CPU
		{AEC4C0BD-BDA0-4B91-B30B-07046516EE32}.Release|Any CPU.Build.0 = Release|Any CPU
		{AEC4C0BD-BDA0-4B91-B30B-07046516EE32}.Release|Mixed Platforms.ActiveCfg = Release|Any CPU
		{AEC4C0BD-BDA0-4B91-B30B-07046516EE32}.Release|Mixed Platforms.Build.0 = Release|Any CPU
		{AEC4C0BD-BDA0-4B91-B30B-07046516EE32}.Release|x86.ActiveCfg = Release|Any CPU
		{AEC4C0BD-BDA0-4B91-B30B-07046516EE32}.ReleaseKopiLua|Any CPU.ActiveCfg = Release|Any CPU
		{AEC4C0BD-BDA0-4B91-B30B-07046516EE32}.ReleaseKopiLua|Any CPU.Build.0 = Release|Any CPU
		{AEC4C0BD-BDA0-4B91-B30B-07046516EE32}.ReleaseKopiLua|Mixed Platforms.ActiveCfg = Release|Any CPU
		{AEC4C0BD-BDA0-4B91-B30B-07046516EE32}.ReleaseKopiLua|Mixed Platforms.Build.0 = Release|Any CPU
		{AEC4C0BD-BDA0-4B91-B30B-07046516EE32}.ReleaseKopiLua|x86.ActiveCfg = Release|Any CPU
		{0DBF1BC1-1B2B-4010-A0A9-75305B9D7675}.Debug|Any CPU.ActiveCfg = Debug|Any CPU
		{0DBF1BC1-1B2B-4010-A0A9-75305B9D7675}.Debug|Any CPU.Build.0 = Debug|Any CPU
		{0DBF1BC1-1B2B-4010-A0A9-75305B9D7675}.Debug|Mixed Platforms.ActiveCfg = Debug|Any CPU
		{0DBF1BC1-1B2B-4010-A0A9-75305B9D7675}.Debug|Mixed Platforms.Build.0 = Debug|Any CPU
		{0DBF1BC1-1B2B-4010-A0A9-75305B9D7675}.Debug|x86.ActiveCfg = Debug|Any CPU
		{0DBF1BC1-1B2B-4010-A0A9-75305B9D7675}.DebugKopiLua|Any CPU.ActiveCfg = Debug|Any CPU
		{0DBF1BC1-1B2B-4010-A0A9-75305B9D7675}.DebugKopiLua|Any CPU.Build.0 = Debug|Any CPU
		{0DBF1BC1-1B2B-4010-A0A9-75305B9D7675}.DebugKopiLua|Mixed Platforms.ActiveCfg = Debug|Any CPU
		{0DBF1BC1-1B2B-4010-A0A9-75305B9D7675}.DebugKopiLua|Mixed Platforms.Build.0 = Debug|Any CPU
		{0DBF1BC1-1B2B-4010-A0A9-75305B9D7675}.DebugKopiLua|x86.ActiveCfg = Debug|Any CPU
		{0DBF1BC1-1B2B-4010-A0A9-75305B9D7675}.Release|Any CPU.ActiveCfg = Release|Any CPU
		{0DBF1BC1-1B2B-4010-A0A9-75305B9D7675}.Release|Any CPU.Build.0 = Release|Any CPU
		{0DBF1BC1-1B2B-4010-A0A9-75305B9D7675}.Release|Mixed Platforms.ActiveCfg = Release|Any CPU
		{0DBF1BC1-1B2B-4010-A0A9-75305B9D7675}.Release|Mixed Platforms.Build.0 = Release|Any CPU
		{0DBF1BC1-1B2B-4010-A0A9-75305B9D7675}.Release|x86.ActiveCfg = Release|Any CPU
		{0DBF1BC1-1B2B-4010-A0A9-75305B9D7675}.ReleaseKopiLua|Any CPU.ActiveCfg = Release|Any CPU
		{0DBF1BC1-1B2B-4010-A0A9-75305B9D7675}.ReleaseKopiLua|Any CPU.Build.0 = Release|Any CPU
		{0DBF1BC1-1B2B-4010-A0A9-75305B9D7675}.ReleaseKopiLua|Mixed Platforms.ActiveCfg = Release|Any CPU
		{0DBF1BC1-1B2B-4010-A0A9-75305B9D7675}.ReleaseKopiLua|Mixed Platforms.Build.0 = Release|Any CPU
		{0DBF1BC1-1B2B-4010-A0A9-75305B9D7675}.ReleaseKopiLua|x86.ActiveCfg = Release|Any CPU
		{BFB2408F-1AB1-49B7-9127-6C6993F3283D}.Debug|Any CPU.ActiveCfg = Debug|Any CPU
		{BFB2408F-1AB1-49B7-9127-6C6993F3283D}.Debug|Any CPU.Build.0 = Debug|Any CPU
		{BFB2408F-1AB1-49B7-9127-6C6993F3283D}.Debug|Mixed Platforms.ActiveCfg = Debug|Any CPU
		{BFB2408F-1AB1-49B7-9127-6C6993F3283D}.Debug|Mixed Platforms.Build.0 = Debug|Any CPU
		{BFB2408F-1AB1-49B7-9127-6C6993F3283D}.Debug|x86.ActiveCfg = Debug|Any CPU
		{BFB2408F-1AB1-49B7-9127-6C6993F3283D}.DebugKopiLua|Any CPU.ActiveCfg = Debug|Any CPU
		{BFB2408F-1AB1-49B7-9127-6C6993F3283D}.DebugKopiLua|Any CPU.Build.0 = Debug|Any CPU
		{BFB2408F-1AB1-49B7-9127-6C6993F3283D}.DebugKopiLua|Mixed Platforms.ActiveCfg = Debug|Any CPU
		{BFB2408F-1AB1-49B7-9127-6C6993F3283D}.DebugKopiLua|Mixed Platforms.Build.0 = Debug|Any CPU
		{BFB2408F-1AB1-49B7-9127-6C6993F3283D}.DebugKopiLua|x86.ActiveCfg = Debug|Any CPU
		{BFB2408F-1AB1-49B7-9127-6C6993F3283D}.Release|Any CPU.ActiveCfg = Release|Any CPU
		{BFB2408F-1AB1-49B7-9127-6C6993F3283D}.Release|Any CPU.Build.0 = Release|Any CPU
		{BFB2408F-1AB1-49B7-9127-6C6993F3283D}.Release|Mixed Platforms.ActiveCfg = Release|Any CPU
		{BFB2408F-1AB1-49B7-9127-6C6993F3283D}.Release|Mixed Platforms.Build.0 = Release|Any CPU
		{BFB2408F-1AB1-49B7-9127-6C6993F3283D}.Release|x86.ActiveCfg = Release|Any CPU
		{BFB2408F-1AB1-49B7-9127-6C6993F3283D}.ReleaseKopiLua|Any CPU.ActiveCfg = Release|Any CPU
		{BFB2408F-1AB1-49B7-9127-6C6993F3283D}.ReleaseKopiLua|Any CPU.Build.0 = Release|Any CPU
		{BFB2408F-1AB1-49B7-9127-6C6993F3283D}.ReleaseKopiLua|Mixed Platforms.ActiveCfg = Release|Any CPU
		{BFB2408F-1AB1-49B7-9127-6C6993F3283D}.ReleaseKopiLua|Mixed Platforms.Build.0 = Release|Any CPU
		{BFB2408F-1AB1-49B7-9127-6C6993F3283D}.ReleaseKopiLua|x86.ActiveCfg = Release|Any CPU
	EndGlobalSection
	GlobalSection(SolutionProperties) = preSolution
		HideSolutionNode = FALSE
	EndGlobalSection
	GlobalSection(NestedProjects) = preSolution
		{3DA233D3-BF30-4E32-8E36-1814F324FDAB} = {9AADEAF8-24AC-4FE7-A4FD-0B980B3DEF38}
		{645A8FAD-D6F0-400E-826B-D57B8CA0E65A} = {9AADEAF8-24AC-4FE7-A4FD-0B980B3DEF38}
		{0C0CA346-FEFF-46A3-BC64-03E0981AD1A0} = {9AADEAF8-24AC-4FE7-A4FD-0B980B3DEF38}
		{0DC81B09-3ABF-4BB3-8C08-4E8EE4432BDC} = {9AADEAF8-24AC-4FE7-A4FD-0B980B3DEF38}
		{B0287521-3B19-4B7B-9826-41DC15FAB4C6} = {9AADEAF8-24AC-4FE7-A4FD-0B980B3DEF38}
		{F58765CB-C9B2-4BE9-A7F4-3BF457B7D452} = {9AADEAF8-24AC-4FE7-A4FD-0B980B3DEF38}
		{CD73B0A2-A473-4759-B50E-18FC2E51D9C7} = {8C2C2C20-C52E-4819-879A-131A80D97F6C}
		{F34D7FD5-59DD-4C45-BD4D-90427885C568} = {8C2C2C20-C52E-4819-879A-131A80D97F6C}
		{E2A5C962-70B4-48CD-98F6-58417BF2D1C5} = {8C2C2C20-C52E-4819-879A-131A80D97F6C}
		{6F1F2373-F8D4-4B4E-BC70-DA86A7E0875A} = {8C2C2C20-C52E-4819-879A-131A80D97F6C}
		{7A578B7B-B2A6-442C-8CEC-AE120A442C3F} = {8C2C2C20-C52E-4819-879A-131A80D97F6C}
		{AEC4C0BD-BDA0-4B91-B30B-07046516EE32} = {8C2C2C20-C52E-4819-879A-131A80D97F6C}
		{0DBF1BC1-1B2B-4010-A0A9-75305B9D7675} = {8C2C2C20-C52E-4819-879A-131A80D97F6C}
		{BFB2408F-1AB1-49B7-9127-6C6993F3283D} = {8C2C2C20-C52E-4819-879A-131A80D97F6C}
	EndGlobalSection
EndGlobal
